
Microsoft Visual Studio Solution File, Format Version 12.00
# Visual Studio 15
VisualStudioVersion = 15.0.28307.1062
MinimumVisualStudioVersion = 10.0.40219.1
Project("{2150E333-8FDC-42A3-9474-1A3956D46DE8}") = "Microservices", "Microservices", "{1517398C-33A1-4D4D-95A6-08079C8535A6}"
EndProject
Project("{2150E333-8FDC-42A3-9474-1A3956D46DE8}") = "Infra.Bus", "Infra.Bus", "{B9C25979-643F-4C5F-9936-85FB679A50A7}"
EndProject
Project("{2150E333-8FDC-42A3-9474-1A3956D46DE8}") = "Domain", "Domain", "{B703518C-0706-4A3C-8832-7FB73A1BFA7B}"
EndProject
Project("{2150E333-8FDC-42A3-9474-1A3956D46DE8}") = "Infra.IoC", "Infra.IoC", "{2F7BA66E-816C-4952-B8AF-D45D54EF72EE}"
EndProject
Project("{2150E333-8FDC-42A3-9474-1A3956D46DE8}") = "Presentation", "Presentation", "{D2178789-39CF-41AB-A022-31EC08D6A958}"
EndProject
Project("{FAE04EC0-301F-11D3-BF4B-00C04F79EFBC}") = "MicroRabbit.Domain.Core", "MicroRabbit.Domain.Core\MicroRabbit.Domain.Core.csproj", "{79CA0D03-AE28-42CA-B466-7C0CF04276DC}"
EndProject
Project("{FAE04EC0-301F-11D3-BF4B-00C04F79EFBC}") = "MicroRabbit.Infra.Bus", "MicroRabbit.Infra.Bus\MicroRabbit.Infra.Bus.csproj", "{6189FD4A-AB10-44AA-B505-FAAC66AFA76D}"
EndProject
Project("{FAE04EC0-301F-11D3-BF4B-00C04F79EFBC}") = "MicroRabbit.Infra.IoC", "MicroRabbit.Infra.IoC\MicroRabbit.Infra.IoC.csproj", "{BE254746-E1B8-4612-B850-D5CE8D4AEABD}"
EndProject
Global
	GlobalSection(SolutionConfigurationPlatforms) = preSolution
		Debug|Any CPU = Debug|Any CPU
		Release|Any CPU = Release|Any CPU
	EndGlobalSection
	GlobalSection(ProjectConfigurationPlatforms) = postSolution
		{79CA0D03-AE28-42CA-B466-7C0CF04276DC}.Debug|Any CPU.ActiveCfg = Debug|Any CPU
		{79CA0D03-AE28-42CA-B466-7C0CF04276DC}.Debug|Any CPU.Build.0 = Debug|Any CPU
		{79CA0D03-AE28-42CA-B466-7C0CF04276DC}.Release|Any CPU.ActiveCfg = Release|Any CPU
		{79CA0D03-AE28-42CA-B466-7C0CF04276DC}.Release|Any CPU.Build.0 = Release|Any CPU
		{6189FD4A-AB10-44AA-B505-FAAC66AFA76D}.Debug|Any CPU.ActiveCfg = Debug|Any CPU
		{6189FD4A-AB10-44AA-B505-FAAC66AFA76D}.Debug|Any CPU.Build.0 = Debug|Any CPU
		{6189FD4A-AB10-44AA-B505-FAAC66AFA76D}.Release|Any CPU.ActiveCfg = Release|Any CPU
		{6189FD4A-AB10-44AA-B505-FAAC66AFA76D}.Release|Any CPU.Build.0 = Release|Any CPU
		{BE254746-E1B8-4612-B850-D5CE8D4AEABD}.Debug|Any CPU.ActiveCfg = Debug|Any CPU
		{BE254746-E1B8-4612-B850-D5CE8D4AEABD}.Debug|Any CPU.Build.0 = Debug|Any CPU
		{BE254746-E1B8-4612-B850-D5CE8D4AEABD}.Release|Any CPU.ActiveCfg = Release|Any CPU
		{BE254746-E1B8-4612-B850-D5CE8D4AEABD}.Release|Any CPU.Build.0 = Release|Any CPU
	EndGlobalSection
	GlobalSection(SolutionProperties) = preSolution
		HideSolutionNode = FALSE
	EndGlobalSection
	GlobalSection(NestedProjects) = preSolution
		{79CA0D03-AE28-42CA-B466-7C0CF04276DC} = {B703518C-0706-4A3C-8832-7FB73A1BFA7B}
		{6189FD4A-AB10-44AA-B505-FAAC66AFA76D} = {B9C25979-643F-4C5F-9936-85FB679A50A7}
		{BE254746-E1B8-4612-B850-D5CE8D4AEABD} = {2F7BA66E-816C-4952-B8AF-D45D54EF72EE}
	EndGlobalSection
	GlobalSection(ExtensibilityGlobals) = postSolution
		SolutionGuid = {82E9A927-17EF-4323-8090-4868B7EEEBC0}
	EndGlobalSection
EndGlobal
