
Microsoft Visual Studio Solution File, Format Version 12.00
# Visual Studio 15
VisualStudioVersion = 15.0.28307.1062
MinimumVisualStudioVersion = 10.0.40219.1
Project("{2150E333-8FDC-42A3-9474-1A3956D46DE8}") = "Microservices", "Microservices", "{1517398C-33A1-4D4D-95A6-08079C8535A6}"
EndProject
Project("{2150E333-8FDC-42A3-9474-1A3956D46DE8}") = "Infra.Bus", "Infra.Bus", "{B9C25979-643F-4C5F-9936-85FB679A50A7}"
EndProject
Project("{2150E333-8FDC-42A3-9474-1A3956D46DE8}") = "Domain", "Domain", "{B703518C-0706-4A3C-8832-7FB73A1BFA7B}"
EndProject
Project("{2150E333-8FDC-42A3-9474-1A3956D46DE8}") = "Infra.IoC", "Infra.IoC", "{2F7BA66E-816C-4952-B8AF-D45D54EF72EE}"
EndProject
Project("{2150E333-8FDC-42A3-9474-1A3956D46DE8}") = "Presentation", "Presentation", "{D2178789-39CF-41AB-A022-31EC08D6A958}"
EndProject
Project("{FAE04EC0-301F-11D3-BF4B-00C04F79EFBC}") = "MicroRabbit.Domain.Core", "MicroRabbit.Domain.Core\MicroRabbit.Domain.Core.csproj", "{79CA0D03-AE28-42CA-B466-7C0CF04276DC}"
EndProject
Project("{FAE04EC0-301F-11D3-BF4B-00C04F79EFBC}") = "MicroRabbit.Infra.Bus", "MicroRabbit.Infra.Bus\MicroRabbit.Infra.Bus.csproj", "{6189FD4A-AB10-44AA-B505-FAAC66AFA76D}"
EndProject
Project("{FAE04EC0-301F-11D3-BF4B-00C04F79EFBC}") = "MicroRabbit.Infra.IoC", "MicroRabbit.Infra.IoC\MicroRabbit.Infra.IoC.csproj", "{BE254746-E1B8-4612-B850-D5CE8D4AEABD}"
EndProject
Project("{2150E333-8FDC-42A3-9474-1A3956D46DE8}") = "Banking", "Banking", "{8D7B0E64-DA3B-47C5-A039-121F6419233B}"
EndProject
Project("{2150E333-8FDC-42A3-9474-1A3956D46DE8}") = "Api", "Api", "{A319FAFF-B537-4A96-B93F-7EF8BC99424B}"
EndProject
Project("{2150E333-8FDC-42A3-9474-1A3956D46DE8}") = "Application", "Application", "{D7CCCE7A-F180-4AAD-B19B-FCD7C6F7FC96}"
EndProject
Project("{2150E333-8FDC-42A3-9474-1A3956D46DE8}") = "Data", "Data", "{60841F02-B8B3-4E75-BA54-0D85440AE928}"
EndProject
Project("{2150E333-8FDC-42A3-9474-1A3956D46DE8}") = "Domain", "Domain", "{AB66B225-FDE0-42C9-882A-CEA4D1507F28}"
EndProject
Project("{FAE04EC0-301F-11D3-BF4B-00C04F79EFBC}") = "MicroRabbit.Banking.Api", "MicroRabbit.Banking.Api\MicroRabbit.Banking.Api.csproj", "{D35C6397-691E-4230-8325-0ADA5A46F00F}"
EndProject
Project("{FAE04EC0-301F-11D3-BF4B-00C04F79EFBC}") = "MicroRabbit.Banking.Application", "MicroRabbit.Banking.Application\MicroRabbit.Banking.Application.csproj", "{FB4A1CA9-8928-4C63-9ED3-4D12ECAA48E4}"
EndProject
Project("{FAE04EC0-301F-11D3-BF4B-00C04F79EFBC}") = "MicroRabbit.Banking.Data", "MicroRabbit.Banking.Data\MicroRabbit.Banking.Data.csproj", "{4488EEBD-CE6C-4AF8-A137-5C16C80C4B23}"
EndProject
Project("{FAE04EC0-301F-11D3-BF4B-00C04F79EFBC}") = "MicroRabbit.Banking.Domain", "MicroRabbit.Banking.Domain\MicroRabbit.Banking.Domain.csproj", "{88FEDACF-41E0-4EEB-BAFD-C164BF306D13}"
EndProject
Global
	GlobalSection(SolutionConfigurationPlatforms) = preSolution
		Debug|Any CPU = Debug|Any CPU
		Release|Any CPU = Release|Any CPU
	EndGlobalSection
	GlobalSection(ProjectConfigurationPlatforms) = postSolution
		{79CA0D03-AE28-42CA-B466-7C0CF04276DC}.Debug|Any CPU.ActiveCfg = Debug|Any CPU
		{79CA0D03-AE28-42CA-B466-7C0CF04276DC}.Debug|Any CPU.Build.0 = Debug|Any CPU
		{79CA0D03-AE28-42CA-B466-7C0CF04276DC}.Release|Any CPU.ActiveCfg = Release|Any CPU
		{79CA0D03-AE28-42CA-B466-7C0CF04276DC}.Release|Any CPU.Build.0 = Release|Any CPU
		{6189FD4A-AB10-44AA-B505-FAAC66AFA76D}.Debug|Any CPU.ActiveCfg = Debug|Any CPU
		{6189FD4A-AB10-44AA-B505-FAAC66AFA76D}.Debug|Any CPU.Build.0 = Debug|Any CPU
		{6189FD4A-AB10-44AA-B505-FAAC66AFA76D}.Release|Any CPU.ActiveCfg = Release|Any CPU
		{6189FD4A-AB10-44AA-B505-FAAC66AFA76D}.Release|Any CPU.Build.0 = Release|Any CPU
		{BE254746-E1B8-4612-B850-D5CE8D4AEABD}.Debug|Any CPU.ActiveCfg = Debug|Any CPU
		{BE254746-E1B8-4612-B850-D5CE8D4AEABD}.Debug|Any CPU.Build.0 = Debug|Any CPU
		{BE254746-E1B8-4612-B850-D5CE8D4AEABD}.Release|Any CPU.ActiveCfg = Release|Any CPU
		{BE254746-E1B8-4612-B850-D5CE8D4AEABD}.Release|Any CPU.Build.0 = Release|Any CPU
		{D35C6397-691E-4230-8325-0ADA5A46F00F}.Debug|Any CPU.ActiveCfg = Debug|Any CPU
		{D35C6397-691E-4230-8325-0ADA5A46F00F}.Debug|Any CPU.Build.0 = Debug|Any CPU
		{D35C6397-691E-4230-8325-0ADA5A46F00F}.Release|Any CPU.ActiveCfg = Release|Any CPU
		{D35C6397-691E-4230-8325-0ADA5A46F00F}.Release|Any CPU.Build.0 = Release|Any CPU
		{FB4A1CA9-8928-4C63-9ED3-4D12ECAA48E4}.Debug|Any CPU.ActiveCfg = Debug|Any CPU
		{FB4A1CA9-8928-4C63-9ED3-4D12ECAA48E4}.Debug|Any CPU.Build.0 = Debug|Any CPU
		{FB4A1CA9-8928-4C63-9ED3-4D12ECAA48E4}.Release|Any CPU.ActiveCfg = Release|Any CPU
		{FB4A1CA9-8928-4C63-9ED3-4D12ECAA48E4}.Release|Any CPU.Build.0 = Release|Any CPU
		{4488EEBD-CE6C-4AF8-A137-5C16C80C4B23}.Debug|Any CPU.ActiveCfg = Debug|Any CPU
		{4488EEBD-CE6C-4AF8-A137-5C16C80C4B23}.Debug|Any CPU.Build.0 = Debug|Any CPU
		{4488EEBD-CE6C-4AF8-A137-5C16C80C4B23}.Release|Any CPU.ActiveCfg = Release|Any CPU
		{4488EEBD-CE6C-4AF8-A137-5C16C80C4B23}.Release|Any CPU.Build.0 = Release|Any CPU
		{88FEDACF-41E0-4EEB-BAFD-C164BF306D13}.Debug|Any CPU.ActiveCfg = Debug|Any CPU
		{88FEDACF-41E0-4EEB-BAFD-C164BF306D13}.Debug|Any CPU.Build.0 = Debug|Any CPU
		{88FEDACF-41E0-4EEB-BAFD-C164BF306D13}.Release|Any CPU.ActiveCfg = Release|Any CPU
		{88FEDACF-41E0-4EEB-BAFD-C164BF306D13}.Release|Any CPU.Build.0 = Release|Any CPU
	EndGlobalSection
	GlobalSection(SolutionProperties) = preSolution
		HideSolutionNode = FALSE
	EndGlobalSection
	GlobalSection(NestedProjects) = preSolution
		{79CA0D03-AE28-42CA-B466-7C0CF04276DC} = {B703518C-0706-4A3C-8832-7FB73A1BFA7B}
		{6189FD4A-AB10-44AA-B505-FAAC66AFA76D} = {B9C25979-643F-4C5F-9936-85FB679A50A7}
		{BE254746-E1B8-4612-B850-D5CE8D4AEABD} = {2F7BA66E-816C-4952-B8AF-D45D54EF72EE}
		{8D7B0E64-DA3B-47C5-A039-121F6419233B} = {1517398C-33A1-4D4D-95A6-08079C8535A6}
		{A319FAFF-B537-4A96-B93F-7EF8BC99424B} = {8D7B0E64-DA3B-47C5-A039-121F6419233B}
		{D7CCCE7A-F180-4AAD-B19B-FCD7C6F7FC96} = {8D7B0E64-DA3B-47C5-A039-121F6419233B}
		{60841F02-B8B3-4E75-BA54-0D85440AE928} = {8D7B0E64-DA3B-47C5-A039-121F6419233B}
		{AB66B225-FDE0-42C9-882A-CEA4D1507F28} = {8D7B0E64-DA3B-47C5-A039-121F6419233B}
		{D35C6397-691E-4230-8325-0ADA5A46F00F} = {A319FAFF-B537-4A96-B93F-7EF8BC99424B}
		{FB4A1CA9-8928-4C63-9ED3-4D12ECAA48E4} = {D7CCCE7A-F180-4AAD-B19B-FCD7C6F7FC96}
		{4488EEBD-CE6C-4AF8-A137-5C16C80C4B23} = {60841F02-B8B3-4E75-BA54-0D85440AE928}
		{88FEDACF-41E0-4EEB-BAFD-C164BF306D13} = {AB66B225-FDE0-42C9-882A-CEA4D1507F28}
	EndGlobalSection
	GlobalSection(ExtensibilityGlobals) = postSolution
		SolutionGuid = {82E9A927-17EF-4323-8090-4868B7EEEBC0}
	EndGlobalSection
EndGlobal
